{
  "name": "scripts",
  "lockfileVersion": 3,
  "requires": true,
  "packages": {
    "": {
      "dependencies": {
        "@openneuro/cli": "npm:@jsr/openneuro__cli@^4.39.3"
      }
    },
    "node_modules/@bids/nifti-reader-js": {
      "version": "0.6.9",
      "resolved": "https://registry.npmjs.org/@bids/nifti-reader-js/-/nifti-reader-js-0.6.9.tgz",
      "integrity": "sha512-3KWpGKrgUUvT5Bbl25K9TTQ77DRS5DUpcyhZlAblCPdP1YMy0tCzrxarRTixWM9tDN6sWUOBbf6zQpPyVe11Lw==",
      "license": "MIT",
      "dependencies": {
        "fflate": "*"
      }
    },
    "node_modules/@jsr/bids__schema": {
      "version": "1.1.2",
      "resolved": "https://npm.jsr.io/~/11/@jsr/bids__schema/1.1.2.tgz",
      "integrity": "sha512-Re8vF7dCLkIrE0pQKvF/9Mfku4pv/sZSXzIsegKCG8gZcuS3wziFIJXghFmuIVNX75cX/71SiHjmC6Wai4Hy5A=="
    },
    "node_modules/@jsr/bids__validator": {
      "version": "2.2.1",
      "resolved": "https://npm.jsr.io/~/11/@jsr/bids__validator/2.2.1.tgz",
      "integrity": "sha512-TInFKp3I0jA/oSQgOEB+ZWTiv7/BCjhGyo3rdjwIDsD6BaWjxEuEnrwdUJYNnof5Is2wC+ubY028fvfHL/wy2Q==",
      "dependencies": {
        "@bids/nifti-reader-js": "^0.6.9",
        "@jsr/bids__schema": "~1.1.0",
        "@jsr/effigies__cliffy-command": "1.0.0-dev.8",
        "@jsr/effigies__cliffy-table": "1.0.0-dev.5",
        "@jsr/libs__xml": "^6.0.8",
        "@jsr/std__fmt": "^1.0.8",
        "@jsr/std__log": "^0.224.14",
        "@jsr/std__path": "^1.1.2",
        "@jsr/std__streams": "^1.0.12",
        "@jsr/std__yaml": "^1.0.9",
        "ajv": "^8.17.1",
        "hash-wasm": "^4.12.0",
        "hed-validator": "~4.1.4",
        "ignore": "^7.0.5",
        "isomorphic-git": "^1.27.1"
      }
    },
    "node_modules/@jsr/cliffy__ansi": {
      "version": "1.0.0-rc.8",
      "resolved": "https://npm.jsr.io/~/11/@jsr/cliffy__ansi/1.0.0-rc.8.tgz",
      "integrity": "sha512-2N2ZNnLLhjojasZpwOOJ1Q8yT9MWNidgEakpoWl5HCjvUhcR7hJolQJVMlM31MS8IPMJIsZXz+5E6uFwHr2eFg==",
      "dependencies": {
        "@jsr/cliffy__internal": "1.0.0-rc.8",
        "@jsr/std__encoding": "~1.0.5",
        "@jsr/std__fmt": "~1.0.2",
        "@jsr/std__io": "~0.224.9"
      }
    },
    "node_modules/@jsr/cliffy__flags": {
      "version": "1.0.0-rc.7",
      "resolved": "https://npm.jsr.io/~/11/@jsr/cliffy__flags/1.0.0-rc.7.tgz",
      "integrity": "sha512-D0EsYP7QrzZBiap/qri//AixzFqBKPxzui99Z/Yz77DxcNthd6kafhOVr9xIBuORICzeydjNY2hVk5J7fV0iRQ==",
      "dependencies": {
        "@jsr/std__text": "~1.0.7"
      }
    },
    "node_modules/@jsr/cliffy__internal": {
      "version": "1.0.0-rc.8",
      "resolved": "https://npm.jsr.io/~/11/@jsr/cliffy__internal/1.0.0-rc.8.tgz",
      "integrity": "sha512-xKIMr2v5+R5qNw7CWqic2ulhZE3cXPKB40rb5mibsUrtJkC55Ha/3PGgTm1W9SWH1+IqA/FfC2ikpjzCXSKVBw==",
      "dependencies": {
        "@jsr/std__fmt": "~1.0.2"
      }
    },
    "node_modules/@jsr/cliffy__keycode": {
      "version": "1.0.0-rc.8",
      "resolved": "https://npm.jsr.io/~/11/@jsr/cliffy__keycode/1.0.0-rc.8.tgz",
      "integrity": "sha512-Go03h5icZMgkFJ9vP9W0puUXcam9z8JaeQq3fXWameJfqNlyF9XSk17HJ7J39XVd7vkGxaS80C1769+tx1bT4g=="
    },
    "node_modules/@jsr/cliffy__prompt": {
      "version": "1.0.0-rc.8",
      "resolved": "https://npm.jsr.io/~/11/@jsr/cliffy__prompt/1.0.0-rc.8.tgz",
      "integrity": "sha512-s/Qb/fTGRUD9ok+kbd8QXIdP8y5a37hG4mQGtut4xozxPAMTZzLfJVZA/wOEDR4Xo7lrgGmBChDxxxTsROXnIQ==",
      "dependencies": {
        "@jsr/cliffy__ansi": "1.0.0-rc.8",
        "@jsr/cliffy__internal": "1.0.0-rc.8",
        "@jsr/cliffy__keycode": "1.0.0-rc.8",
        "@jsr/std__assert": "~1.0.6",
        "@jsr/std__fmt": "~1.0.2",
        "@jsr/std__io": "~0.224.9",
        "@jsr/std__path": "~1.0.6",
        "@jsr/std__text": "~1.0.7"
      }
    },
    "node_modules/@jsr/cliffy__prompt/node_modules/@jsr/std__path": {
      "version": "1.0.9",
      "resolved": "https://npm.jsr.io/~/11/@jsr/std__path/1.0.9.tgz",
      "integrity": "sha512-RgmPBRH22dP5D3ojPqsqH8eXHvOv9uOOycmnIzTeP0ufkw/B0Qgjbmn6JgFsJS1VD6iqhfYDXmlqf/jSARz/Gg=="
    },
    "node_modules/@jsr/cliffy__table": {
      "version": "1.0.0-rc.7",
      "resolved": "https://npm.jsr.io/~/11/@jsr/cliffy__table/1.0.0-rc.7.tgz",
      "integrity": "sha512-EWM/Jfrit8W1qxo+0c/bRqaod8jxMotOiY08Nlx2/FVMK52hJoAtzC0RhpdyXzxVuBpqIdv6UeDDbTAIRiYGug==",
      "dependencies": {
        "@jsr/std__fmt": "~1.0.2"
      }
    },
    "node_modules/@jsr/effigies__cliffy-command": {
      "version": "1.0.0-dev.8",
      "resolved": "https://npm.jsr.io/~/11/@jsr/effigies__cliffy-command/1.0.0-dev.8.tgz",
      "integrity": "sha512-1N4Fj0btV34eOsIjof0aaG7I6zDIwmz3FUoYUyQHOdiD6vfJm2f/ce+p2RaWp5873CItgTe4g6hszCVKMrXi/Q==",
      "dependencies": {
        "@jsr/cliffy__flags": "1.0.0-rc.7",
        "@jsr/cliffy__internal": "1.0.0-rc.7",
        "@jsr/cliffy__table": "1.0.0-rc.7",
        "@jsr/effigies__cliffy-table": "^1.0.0-dev.5",
        "@jsr/std__fmt": "~1.0.2",
        "@jsr/std__text": "~1.0.7"
      }
    },
    "node_modules/@jsr/effigies__cliffy-command/node_modules/@jsr/cliffy__internal": {
      "version": "1.0.0-rc.7",
      "resolved": "https://npm.jsr.io/~/11/@jsr/cliffy__internal/1.0.0-rc.7.tgz",
      "integrity": "sha512-ncrAaxh4UUeV7RDvkhyGQuxU5JtSZVz38Db97mms+iNIwogM4qn9P8kNR1V6avMo+TjGMD5Z1DMkJGO9o6aHyw==",
      "dependencies": {
        "@jsr/std__fmt": "~1.0.2"
      }
    },
    "node_modules/@jsr/effigies__cliffy-table": {
      "version": "1.0.0-dev.5",
      "resolved": "https://npm.jsr.io/~/11/@jsr/effigies__cliffy-table/1.0.0-dev.5.tgz",
      "integrity": "sha512-3MOLMhTPDvOi+2YX9LxiozHp2Ycg8/8wZZR3bVr1IQFyT/dCK6Ac6bEgy/e88BpiDg6KWb0wzicOtBURO+DR7g==",
      "dependencies": {
        "@jsr/std__fmt": "~1.0.2"
      }
    },
    "node_modules/@jsr/libs__xml": {
      "version": "6.0.8",
      "resolved": "https://npm.jsr.io/~/11/@jsr/libs__xml/6.0.8.tgz",
      "integrity": "sha512-1ZufNFIHsZViWVYh/4FYtcks8ZaJwTHW6conILM4dfIiZ30r2DLjenZfvEwszL7+GeC2i9L/R9fADHY2s6tKRg=="
    },
    "node_modules/@jsr/std__assert": {
      "version": "1.0.15",
      "resolved": "https://npm.jsr.io/~/11/@jsr/std__assert/1.0.15.tgz",
      "integrity": "sha512-iaekOy2yP8hMA5pN5PHMXic4MH0pRggviqTvPd4iEMkS66lDOFTV0uxDRwRc3ia4btRB39QiSUXJPpVZCQu8nA==",
      "dependencies": {
        "@jsr/std__internal": "^1.0.12"
      }
    },
    "node_modules/@jsr/std__bytes": {
      "version": "1.0.6",
      "resolved": "https://npm.jsr.io/~/11/@jsr/std__bytes/1.0.6.tgz",
      "integrity": "sha512-St6yKggjFGhxS52IFLJWvkchRFbAKg2Xh8UxA4S1EGz7GJ2Ui+ssDDldj/w2c8vCxvl6qgR0HaYbKeFJNqujmA=="
    },
    "node_modules/@jsr/std__encoding": {
      "version": "1.0.10",
      "resolved": "https://npm.jsr.io/~/11/@jsr/std__encoding/1.0.10.tgz",
      "integrity": "sha512-WK2njnDTyKefroRNk2Ooq7GStp6Y0ccAvr4To+Z/zecRAGe7+OSvH9DbiaHpAKwEi2KQbmpWMOYsdNt+TsdmSw=="
    },
    "node_modules/@jsr/std__fmt": {
      "version": "1.0.8",
      "resolved": "https://npm.jsr.io/~/11/@jsr/std__fmt/1.0.8.tgz",
      "integrity": "sha512-miZHzj9OgjuajrcMKzpqNVwFb9O71UHZzV/FHVq0E0Uwmv/1JqXgmXAoBNPrn+MP0fHT3mMgaZ6XvQO7dam67Q=="
    },
    "node_modules/@jsr/std__fs": {
      "version": "1.0.19",
      "resolved": "https://npm.jsr.io/~/11/@jsr/std__fs/1.0.19.tgz",
      "integrity": "sha512-TEjyE8g+46jPlu7dJHLrwc8NMGl8zfG+JjWxyNQyDbxP0RtqZ4JmYZfR9vy4RWYWJQbLpw6Kbt2n+K/2zAO/JA==",
      "dependencies": {
        "@jsr/std__internal": "^1.0.9",
        "@jsr/std__path": "^1.1.1"
      }
    },
    "node_modules/@jsr/std__internal": {
      "version": "1.0.12",
      "resolved": "https://npm.jsr.io/~/11/@jsr/std__internal/1.0.12.tgz",
      "integrity": "sha512-6xReMW9p+paJgqoFRpOE2nogJFvzPfaLHLIlyADYjKMUcwDyjKZxryIbgcU+gxiTygn8yCjld1HoI0ET4/iZeA=="
    },
    "node_modules/@jsr/std__io": {
      "version": "0.224.9",
      "resolved": "https://npm.jsr.io/~/11/@jsr/std__io/0.224.9.tgz",
      "integrity": "sha512-MwBAa4WDb2yOuzbd21cweZfIFnH5I0ICOtCTi2ckHLQ+Dx99gvavXPX+e7nqrahaDuaaBlZcA5TC6XHh99IOpw==",
      "dependencies": {
        "@jsr/std__bytes": "^1.0.2"
      }
    },
    "node_modules/@jsr/std__log": {
      "version": "0.224.14",
      "resolved": "https://npm.jsr.io/~/11/@jsr/std__log/0.224.14.tgz",
      "integrity": "sha512-EHT7E0plakyzk/gxMrwqUf3YGCCxN3Is25QrEh7toYA7qwj46R4qY7cIaDEKy8QqI5JHOFHwWXOClcPK6goIoQ==",
      "dependencies": {
        "@jsr/std__fmt": "^1.0.5",
        "@jsr/std__fs": "^1.0.11",
        "@jsr/std__io": "^0.225.2"
      }
    },
    "node_modules/@jsr/std__log/node_modules/@jsr/std__io": {
      "version": "0.225.2",
      "resolved": "https://npm.jsr.io/~/11/@jsr/std__io/0.225.2.tgz",
      "integrity": "sha512-QNImMbao6pKXvV4xpFkY2zviZi1r+1KpYzgMqaa2gHDPZhXQqlia/Og+VqMxxfAr8Pw6BF3tw/hSw3LrWWTRmA==",
      "dependencies": {
        "@jsr/std__bytes": "^1.0.5"
      }
    },
    "node_modules/@jsr/std__path": {
      "version": "1.1.2",
      "resolved": "https://npm.jsr.io/~/11/@jsr/std__path/1.1.2.tgz",
      "integrity": "sha512-5hkOR1s5M7am02Bn9KS+SNMNwUSivz7t7/w2HBhFIfO7Eh8+mWilaZ+1tdanV9aaSHr4c99Zo4Da+cCSuzUOdA==",
      "dependencies": {
        "@jsr/std__internal": "^1.0.10"
      }
    },
    "node_modules/@jsr/std__regexp": {
      "version": "1.0.1",
      "resolved": "https://npm.jsr.io/~/11/@jsr/std__regexp/1.0.1.tgz",
      "integrity": "sha512-AnGeP//DHpPvhCWjI5dR4o013JhCQioD8yMF8drD7PWb0X4kvmO35hbZi+NZhfSolz4Ts2cpPzJY+DUpi2XE9A=="
    },
    "node_modules/@jsr/std__streams": {
      "version": "1.0.13",
      "resolved": "https://npm.jsr.io/~/11/@jsr/std__streams/1.0.13.tgz",
      "integrity": "sha512-XeFuOkxi3BMrRnJ8nYNtfedY48M27ftThUuVuND74dTyOUJGCEUw1FBjpsNwQgeeATU8Cl/hX0Z7Rg66/ewEJA==",
      "dependencies": {
        "@jsr/std__bytes": "^1.0.6"
      }
    },
    "node_modules/@jsr/std__text": {
      "version": "1.0.16",
      "resolved": "https://npm.jsr.io/~/11/@jsr/std__text/1.0.16.tgz",
      "integrity": "sha512-UawOIn+Vu0BBusfOpToMXHISa/z8vDUKxXntQGVM5w6e9W1XkFzylnbc0cWWa9f0dESlxDyjvReHzPNM86hYlA==",
      "dependencies": {
        "@jsr/std__regexp": "^1.0.1"
      }
    },
    "node_modules/@jsr/std__yaml": {
      "version": "1.0.10",
      "resolved": "https://npm.jsr.io/~/11/@jsr/std__yaml/1.0.10.tgz",
      "integrity": "sha512-1WIM023Kvi48pvPE3UO5YcieambLgywUooLhAkkaObIcMB77F/YP2ILdl+vNfik+vElkl9znmuST9AZo8mbCpA=="
    },
    "node_modules/@openneuro/cli": {
      "name": "@jsr/openneuro__cli",
      "version": "4.39.3",
      "resolved": "https://npm.jsr.io/~/11/@jsr/openneuro__cli/4.39.3.tgz",
      "integrity": "sha512-dzLCn4U/1AZcvnDKoXQQWtdpNbWWdKGqXRUoCe7h0ix1oFZIdGIhWEceERUeUGEpoTCBtXo26bg1UcHwVNYVZA==",
      "dependencies": {
        "@jsr/bids__validator": "^2.2.1",
        "@jsr/cliffy__prompt": "^1.0.0-rc.8",
        "@jsr/effigies__cliffy-command": "1.0.0-dev.8",
        "@jsr/std__encoding": "^1.0.10",
        "@jsr/std__fs": "^1.0.19",
        "@jsr/std__log": "^0.224.14",
        "@jsr/std__path": "^1.1.2",
        "@jsr/std__streams": "^1.0.11",
        "@sentry/deno": "^8.55.0"
      }
    },
    "node_modules/@sentry/core": {
      "version": "8.55.0",
      "resolved": "https://registry.npmjs.org/@sentry/core/-/core-8.55.0.tgz",
      "integrity": "sha512-6g7jpbefjHYs821Z+EBJ8r4Z7LT5h80YSWRJaylGS4nW5W5Z2KXzpdnyFarv37O7QjauzVC2E+PABmpkw5/JGA==",
      "license": "MIT",
      "engines": {
        "node": ">=14.18"
      }
    },
    "node_modules/@sentry/deno": {
      "version": "8.55.0",
      "resolved": "https://registry.npmjs.org/@sentry/deno/-/deno-8.55.0.tgz",
      "integrity": "sha512-BwV2zp3UZM/hxXlLaVIP2PNjbpOnSoGj4DftlWIcwS9IyFb/WX/MBntR4GoxgbPg1GJTsKDZpvSPpK3HSbzeVw==",
      "license": "MIT",
      "dependencies": {
        "@sentry/core": "8.55.0"
      }
    },
    "node_modules/abort-controller": {
      "version": "3.0.0",
      "resolved": "https://registry.npmjs.org/abort-controller/-/abort-controller-3.0.0.tgz",
      "integrity": "sha512-h8lQ8tacZYnR3vNQTgibj+tODHI5/+l06Au2Pcriv/Gmet0eaj4TwWH41sO9wnHDiQsEj19q0drzdWdeAHtweg==",
      "license": "MIT",
      "dependencies": {
        "event-target-shim": "^5.0.0"
      },
      "engines": {
        "node": ">=6.5"
      }
    },
    "node_modules/ajv": {
      "version": "8.17.1",
      "resolved": "https://registry.npmjs.org/ajv/-/ajv-8.17.1.tgz",
      "integrity": "sha512-B/gBuNg5SiMTrPkC+A2+cW0RszwxYmn6VYxB/inlBStS5nx6xHIt/ehKRhIMhqusl7a8LjQoZnjCs5vhwxOQ1g==",
      "license": "MIT",
      "dependencies": {
        "fast-deep-equal": "^3.1.3",
        "fast-uri": "^3.0.1",
        "json-schema-traverse": "^1.0.0",
        "require-from-string": "^2.0.2"
      },
      "funding": {
        "type": "github",
        "url": "https://github.com/sponsors/epoberezkin"
      }
    },
    "node_modules/async-lock": {
      "version": "1.4.1",
      "resolved": "https://registry.npmjs.org/async-lock/-/async-lock-1.4.1.tgz",
      "integrity": "sha512-Az2ZTpuytrtqENulXwO3GGv1Bztugx6TT37NIo7imr/Qo0gsYiGtSdBa2B6fsXhTpVZDNfu1Qn3pk531e3q+nQ==",
      "license": "MIT"
    },
    "node_modules/available-typed-arrays": {
      "version": "1.0.7",
      "resolved": "https://registry.npmjs.org/available-typed-arrays/-/available-typed-arrays-1.0.7.tgz",
      "integrity": "sha512-wvUjBtSGN7+7SjNpq/9M2Tg350UZD3q62IFZLbRAR1bSMlCo1ZaeW+BJ+D090e4hIIZLBcTDWe4Mh4jvUDajzQ==",
      "license": "MIT",
      "dependencies": {
        "possible-typed-array-names": "^1.0.0"
      },
      "engines": {
        "node": ">= 0.4"
      },
      "funding": {
        "url": "https://github.com/sponsors/ljharb"
      }
    },
    "node_modules/base64-js": {
      "version": "1.5.1",
      "resolved": "https://registry.npmjs.org/base64-js/-/base64-js-1.5.1.tgz",
      "integrity": "sha512-AKpaYlHn8t4SVbOHCy+b5+KKgvR4vrsD8vbvrbiQJps7fKDTkjkDry6ji0rUJjC0kzbNePLwzxq8iypo41qeWA==",
      "funding": [
        {
          "type": "github",
          "url": "https://github.com/sponsors/feross"
        },
        {
          "type": "patreon",
          "url": "https://www.patreon.com/feross"
        },
        {
          "type": "consulting",
          "url": "https://feross.org/support"
        }
      ],
      "license": "MIT"
    },
    "node_modules/buffer": {
      "version": "6.0.3",
      "resolved": "https://registry.npmjs.org/buffer/-/buffer-6.0.3.tgz",
      "integrity": "sha512-FTiCpNxtwiZZHEZbcbTIcZjERVICn9yq/pDFkTl95/AxzD1naBctN7YO68riM/gLSDY7sdrMby8hofADYuuqOA==",
      "funding": [
        {
          "type": "github",
          "url": "https://github.com/sponsors/feross"
        },
        {
          "type": "patreon",
          "url": "https://www.patreon.com/feross"
        },
        {
          "type": "consulting",
          "url": "https://feross.org/support"
        }
      ],
      "license": "MIT",
      "dependencies": {
        "base64-js": "^1.3.1",
        "ieee754": "^1.2.1"
      }
    },
    "node_modules/call-bind": {
      "version": "1.0.8",
      "resolved": "https://registry.npmjs.org/call-bind/-/call-bind-1.0.8.tgz",
      "integrity": "sha512-oKlSFMcMwpUg2ednkhQ454wfWiU/ul3CkJe/PEHcTKuiX6RpbehUiFMXu13HalGZxfUwCQzZG747YXBn1im9ww==",
      "license": "MIT",
      "dependencies": {
        "call-bind-apply-helpers": "^1.0.0",
        "es-define-property": "^1.0.0",
        "get-intrinsic": "^1.2.4",
        "set-function-length": "^1.2.2"
      },
      "engines": {
        "node": ">= 0.4"
      },
      "funding": {
        "url": "https://github.com/sponsors/ljharb"
      }
    },
    "node_modules/call-bind-apply-helpers": {
      "version": "1.0.2",
      "resolved": "https://registry.npmjs.org/call-bind-apply-helpers/-/call-bind-apply-helpers-1.0.2.tgz",
      "integrity": "sha512-Sp1ablJ0ivDkSzjcaJdxEunN5/XvksFJ2sMBFfq6x0ryhQV/2b/KwFe21cMpmHtPOSij8K99/wSfoEuTObmuMQ==",
      "license": "MIT",
      "dependencies": {
        "es-errors": "^1.3.0",
        "function-bind": "^1.1.2"
      },
      "engines": {
        "node": ">= 0.4"
      }
    },
    "node_modules/call-bound": {
      "version": "1.0.4",
      "resolved": "https://registry.npmjs.org/call-bound/-/call-bound-1.0.4.tgz",
      "integrity": "sha512-+ys997U96po4Kx/ABpBCqhA9EuxJaQWDQg7295H4hBphv3IZg0boBKuwYpt4YXp6MZ5AmZQnU/tyMTlRpaSejg==",
      "license": "MIT",
      "dependencies": {
        "call-bind-apply-helpers": "^1.0.2",
        "get-intrinsic": "^1.3.0"
      },
      "engines": {
        "node": ">= 0.4"
      },
      "funding": {
        "url": "https://github.com/sponsors/ljharb"
      }
    },
    "node_modules/clean-git-ref": {
      "version": "2.0.1",
      "resolved": "https://registry.npmjs.org/clean-git-ref/-/clean-git-ref-2.0.1.tgz",
      "integrity": "sha512-bLSptAy2P0s6hU4PzuIMKmMJJSE6gLXGH1cntDu7bWJUksvuM+7ReOK61mozULErYvP6a15rnYl0zFDef+pyPw==",
      "license": "Apache-2.0"
    },
    "node_modules/core-js-pure": {
      "version": "3.46.0",
      "resolved": "https://registry.npmjs.org/core-js-pure/-/core-js-pure-3.46.0.tgz",
      "integrity": "sha512-NMCW30bHNofuhwLhYPt66OLOKTMbOhgTTatKVbaQC3KRHpTCiRIBYvtshr+NBYSnBxwAFhjW/RfJ0XbIjS16rw==",
      "hasInstallScript": true,
      "license": "MIT",
      "funding": {
        "type": "opencollective",
        "url": "https://opencollective.com/core-js"
      }
    },
    "node_modules/crc-32": {
      "version": "1.2.2",
      "resolved": "https://registry.npmjs.org/crc-32/-/crc-32-1.2.2.tgz",
      "integrity": "sha512-ROmzCKrTnOwybPcJApAA6WBWij23HVfGVNKqqrZpuyZOHqK2CwHSvpGuyt/UNNvaIjEd8X5IFGp4Mh+Ie1IHJQ==",
      "license": "Apache-2.0",
      "bin": {
        "crc32": "bin/crc32.njs"
      },
      "engines": {
        "node": ">=0.8"
      }
    },
    "node_modules/decompress-response": {
      "version": "6.0.0",
      "resolved": "https://registry.npmjs.org/decompress-response/-/decompress-response-6.0.0.tgz",
      "integrity": "sha512-aW35yZM6Bb/4oJlZncMH2LCoZtJXTRxES17vE3hoRiowU2kWHaJKFkSBDnDR+cm9J+9QhXmREyIfv0pji9ejCQ==",
      "license": "MIT",
      "dependencies": {
        "mimic-response": "^3.1.0"
      },
      "engines": {
        "node": ">=10"
      },
      "funding": {
        "url": "https://github.com/sponsors/sindresorhus"
      }
    },
    "node_modules/define-data-property": {
      "version": "1.1.4",
      "resolved": "https://registry.npmjs.org/define-data-property/-/define-data-property-1.1.4.tgz",
      "integrity": "sha512-rBMvIzlpA8v6E+SJZoo++HAYqsLrkg7MSfIinMPFhmkorw7X+dOXVJQs+QT69zGkzMyfDnIMN2Wid1+NbL3T+A==",
      "license": "MIT",
      "dependencies": {
        "es-define-property": "^1.0.0",
        "es-errors": "^1.3.0",
        "gopd": "^1.0.1"
      },
      "engines": {
        "node": ">= 0.4"
      },
      "funding": {
        "url": "https://github.com/sponsors/ljharb"
      }
    },
    "node_modules/diff3": {
      "version": "0.0.3",
      "resolved": "https://registry.npmjs.org/diff3/-/diff3-0.0.3.tgz",
      "integrity": "sha512-iSq8ngPOt0K53A6eVr4d5Kn6GNrM2nQZtC740pzIriHtn4pOQ2lyzEXQMBeVcWERN0ye7fhBsk9PbLLQOnUx/g==",
      "license": "MIT"
    },
    "node_modules/dunder-proto": {
      "version": "1.0.1",
      "resolved": "https://registry.npmjs.org/dunder-proto/-/dunder-proto-1.0.1.tgz",
      "integrity": "sha512-KIN/nDJBQRcXw0MLVhZE9iQHmG68qAVIBg9CqmUYjmQIhgij9U5MFvrqkUL5FbtyyzZuOeOt0zdeRe4UY7ct+A==",
      "license": "MIT",
      "dependencies": {
        "call-bind-apply-helpers": "^1.0.1",
        "es-errors": "^1.3.0",
        "gopd": "^1.2.0"
      },
      "engines": {
        "node": ">= 0.4"
      }
    },
    "node_modules/es-define-property": {
      "version": "1.0.1",
      "resolved": "https://registry.npmjs.org/es-define-property/-/es-define-property-1.0.1.tgz",
      "integrity": "sha512-e3nRfgfUZ4rNGL232gUgX06QNyyez04KdjFrF+LTRoOXmrOgFKDg4BCdsjW8EnT69eqdYGmRpJwiPVYNrCaW3g==",
      "license": "MIT",
      "engines": {
        "node": ">= 0.4"
      }
    },
    "node_modules/es-errors": {
      "version": "1.3.0",
      "resolved": "https://registry.npmjs.org/es-errors/-/es-errors-1.3.0.tgz",
      "integrity": "sha512-Zf5H2Kxt2xjTvbJvP2ZWLEICxA6j+hAmMzIlypy4xcBg1vKVnx89Wy0GbS+kf5cwCVFFzdCFh2XSCFNULS6csw==",
      "license": "MIT",
      "engines": {
        "node": ">= 0.4"
      }
    },
    "node_modules/es-object-atoms": {
      "version": "1.1.1",
      "resolved": "https://registry.npmjs.org/es-object-atoms/-/es-object-atoms-1.1.1.tgz",
      "integrity": "sha512-FGgH2h8zKNim9ljj7dankFPcICIK9Cp5bm+c2gQSYePhpaG5+esrLODihIorn+Pe6FGJzWhXQotPv73jTaldXA==",
      "license": "MIT",
      "dependencies": {
        "es-errors": "^1.3.0"
      },
      "engines": {
        "node": ">= 0.4"
      }
    },
    "node_modules/event-target-shim": {
      "version": "5.0.1",
      "resolved": "https://registry.npmjs.org/event-target-shim/-/event-target-shim-5.0.1.tgz",
      "integrity": "sha512-i/2XbnSz/uxRCU6+NdVJgKWDTM427+MqYbkQzD321DuCQJUqOuJKIA0IM2+W2xtYHdKOmZ4dR6fExsd4SXL+WQ==",
      "license": "MIT",
      "engines": {
        "node": ">=6"
      }
    },
    "node_modules/events": {
      "version": "3.3.0",
      "resolved": "https://registry.npmjs.org/events/-/events-3.3.0.tgz",
      "integrity": "sha512-mQw+2fkQbALzQ7V0MY0IqdnXNOeTtP4r0lN9z7AAawCXgqea7bDii20AYrIBrFd/Hx0M2Ocz6S111CaFkUcb0Q==",
      "license": "MIT",
      "engines": {
        "node": ">=0.8.x"
      }
    },
    "node_modules/fast-deep-equal": {
      "version": "3.1.3",
      "resolved": "https://registry.npmjs.org/fast-deep-equal/-/fast-deep-equal-3.1.3.tgz",
      "integrity": "sha512-f3qQ9oQy9j2AhBe/H9VC91wLmKBCCU/gDOnKNAYG5hswO7BLKj09Hc5HYNz9cGI++xlpDCIgDaitVs03ATR84Q==",
      "license": "MIT"
    },
    "node_modules/fast-uri": {
      "version": "3.1.0",
      "resolved": "https://registry.npmjs.org/fast-uri/-/fast-uri-3.1.0.tgz",
      "integrity": "sha512-iPeeDKJSWf4IEOasVVrknXpaBV0IApz/gp7S2bb7Z4Lljbl2MGJRqInZiUrQwV16cpzw/D3S5j5Julj/gT52AA==",
      "funding": [
        {
          "type": "github",
          "url": "https://github.com/sponsors/fastify"
        },
        {
          "type": "opencollective",
          "url": "https://opencollective.com/fastify"
        }
      ],
      "license": "BSD-3-Clause"
    },
    "node_modules/fast-xml-parser": {
      "version": "5.3.1",
      "resolved": "https://registry.npmjs.org/fast-xml-parser/-/fast-xml-parser-5.3.1.tgz",
      "integrity": "sha512-jbNkWiv2Ec1A7wuuxk0br0d0aTMUtQ4IkL+l/i1r9PRf6pLXjDgsBsWwO+UyczmQlnehi4Tbc8/KIvxGQe+I/A==",
      "funding": [
        {
          "type": "github",
          "url": "https://github.com/sponsors/NaturalIntelligence"
        }
      ],
      "license": "MIT",
      "dependencies": {
        "strnum": "^2.1.0"
      },
      "bin": {
        "fxparser": "src/cli/cli.js"
      }
    },
    "node_modules/fflate": {
      "version": "0.8.2",
      "resolved": "https://registry.npmjs.org/fflate/-/fflate-0.8.2.tgz",
      "integrity": "sha512-cPJU47OaAoCbg0pBvzsgpTPhmhqI5eJjh/JIu8tPj5q+T7iLvW/JAYUqmE7KOB4R1ZyEhzBaIQpQpardBF5z8A==",
      "license": "MIT"
    },
    "node_modules/for-each": {
      "version": "0.3.5",
      "resolved": "https://registry.npmjs.org/for-each/-/for-each-0.3.5.tgz",
      "integrity": "sha512-dKx12eRCVIzqCxFGplyFKJMPvLEWgmNtUrpTiJIR5u97zEhRG8ySrtboPHZXx7daLxQVrl643cTzbab2tkQjxg==",
      "license": "MIT",
      "dependencies": {
        "is-callable": "^1.2.7"
      },
      "engines": {
        "node": ">= 0.4"
      },
      "funding": {
        "url": "https://github.com/sponsors/ljharb"
      }
    },
    "node_modules/function-bind": {
      "version": "1.1.2",
      "resolved": "https://registry.npmjs.org/function-bind/-/function-bind-1.1.2.tgz",
      "integrity": "sha512-7XHNxH7qX9xG5mIwxkhumTox/MIRNcOgDrxWsMt2pAr23WHp6MrRlN7FBSFpCpr+oVO0F744iUgR82nJMfG2SA==",
      "license": "MIT",
      "funding": {
        "url": "https://github.com/sponsors/ljharb"
      }
    },
    "node_modules/get-intrinsic": {
      "version": "1.3.0",
      "resolved": "https://registry.npmjs.org/get-intrinsic/-/get-intrinsic-1.3.0.tgz",
      "integrity": "sha512-9fSjSaos/fRIVIp+xSJlE6lfwhES7LNtKaCBIamHsjr2na1BiABJPo0mOjjz8GJDURarmCPGqaiVg5mfjb98CQ==",
      "license": "MIT",
      "dependencies": {
        "call-bind-apply-helpers": "^1.0.2",
        "es-define-property": "^1.0.1",
        "es-errors": "^1.3.0",
        "es-object-atoms": "^1.1.1",
        "function-bind": "^1.1.2",
        "get-proto": "^1.0.1",
        "gopd": "^1.2.0",
        "has-symbols": "^1.1.0",
        "hasown": "^2.0.2",
        "math-intrinsics": "^1.1.0"
      },
      "engines": {
        "node": ">= 0.4"
      },
      "funding": {
        "url": "https://github.com/sponsors/ljharb"
      }
    },
    "node_modules/get-proto": {
      "version": "1.0.1",
      "resolved": "https://registry.npmjs.org/get-proto/-/get-proto-1.0.1.tgz",
      "integrity": "sha512-sTSfBjoXBp89JvIKIefqw7U2CCebsc74kiY6awiGogKtoSGbgjYE/G/+l9sF3MWFPNc9IcoOC4ODfKHfxFmp0g==",
      "license": "MIT",
      "dependencies": {
        "dunder-proto": "^1.0.1",
        "es-object-atoms": "^1.0.0"
      },
      "engines": {
        "node": ">= 0.4"
      }
    },
    "node_modules/gopd": {
      "version": "1.2.0",
      "resolved": "https://registry.npmjs.org/gopd/-/gopd-1.2.0.tgz",
      "integrity": "sha512-ZUKRh6/kUFoAiTAtTYPZJ3hw9wNxx+BIBOijnlG9PnrJsCcSjs1wyyD6vJpaYtgnzDrKYRSqf3OO6Rfa93xsRg==",
      "license": "MIT",
      "engines": {
        "node": ">= 0.4"
      },
      "funding": {
        "url": "https://github.com/sponsors/ljharb"
      }
    },
    "node_modules/has-property-descriptors": {
      "version": "1.0.2",
      "resolved": "https://registry.npmjs.org/has-property-descriptors/-/has-property-descriptors-1.0.2.tgz",
      "integrity": "sha512-55JNKuIW+vq4Ke1BjOTjM2YctQIvCT7GFzHwmfZPGo5wnrgkid0YQtnAleFSqumZm4az3n2BS+erby5ipJdgrg==",
      "license": "MIT",
      "dependencies": {
        "es-define-property": "^1.0.0"
      },
      "funding": {
        "url": "https://github.com/sponsors/ljharb"
      }
    },
    "node_modules/has-symbols": {
      "version": "1.1.0",
      "resolved": "https://registry.npmjs.org/has-symbols/-/has-symbols-1.1.0.tgz",
      "integrity": "sha512-1cDNdwJ2Jaohmb3sg4OmKaMBwuC48sYni5HUw2DvsC8LjGTLK9h+eb1X6RyuOHe4hT0ULCW68iomhjUoKUqlPQ==",
      "license": "MIT",
      "engines": {
        "node": ">= 0.4"
      },
      "funding": {
        "url": "https://github.com/sponsors/ljharb"
      }
    },
    "node_modules/has-tostringtag": {
      "version": "1.0.2",
      "resolved": "https://registry.npmjs.org/has-tostringtag/-/has-tostringtag-1.0.2.tgz",
      "integrity": "sha512-NqADB8VjPFLM2V0VvHUewwwsw0ZWBaIdgo+ieHtK3hasLz4qeCRjYcqfB6AQrBggRKppKF8L52/VqdVsO47Dlw==",
      "license": "MIT",
      "dependencies": {
        "has-symbols": "^1.0.3"
      },
      "engines": {
        "node": ">= 0.4"
      },
      "funding": {
        "url": "https://github.com/sponsors/ljharb"
      }
    },
    "node_modules/hash-wasm": {
      "version": "4.12.0",
      "resolved": "https://registry.npmjs.org/hash-wasm/-/hash-wasm-4.12.0.tgz",
      "integrity": "sha512-+/2B2rYLb48I/evdOIhP+K/DD2ca2fgBjp6O+GBEnCDk2e4rpeXIK8GvIyRPjTezgmWn9gmKwkQjjx6BtqDHVQ==",
      "license": "MIT"
    },
    "node_modules/hasown": {
      "version": "2.0.2",
      "resolved": "https://registry.npmjs.org/hasown/-/hasown-2.0.2.tgz",
      "integrity": "sha512-0hJU9SCPvmMzIBdZFqNPXWa6dqh7WdH0cII9y+CyS8rG3nL48Bclra9HmKhVVUHyPWNH5Y7xDwAB7bfgSjkUMQ==",
      "license": "MIT",
      "dependencies": {
        "function-bind": "^1.1.2"
      },
      "engines": {
        "node": ">= 0.4"
      }
    },
    "node_modules/hed-validator": {
      "version": "4.1.4",
      "resolved": "https://registry.npmjs.org/hed-validator/-/hed-validator-4.1.4.tgz",
      "integrity": "sha512-Cyprv/TCXUP1FC5c/h1Yi3k2XawlDP1YJ5kxI724WSRg67Xz/RlYnMxJposhAIZMFPWMdDkATtoM5fro68k7RA==",
      "license": "MIT",
      "dependencies": {
        "core-js-pure": "^3.41.0",
        "fast-xml-parser": "^5.2.5",
        "lodash": "^4.17.21",
        "pluralize": "^8.0.0",
        "semver": "^7.6.0",
        "unicode-name": "^1.0.2"
      },
      "engines": {
        "node": ">=22.0.0"
      }
    },
    "node_modules/ieee754": {
      "version": "1.2.1",
      "resolved": "https://registry.npmjs.org/ieee754/-/ieee754-1.2.1.tgz",
      "integrity": "sha512-dcyqhDvX1C46lXZcVqCpK+FtMRQVdIMN6/Df5js2zouUsqG7I6sFxitIC+7KYK29KdXOLHdu9zL4sFnoVQnqaA==",
      "funding": [
        {
          "type": "github",
          "url": "https://github.com/sponsors/feross"
        },
        {
          "type": "patreon",
          "url": "https://www.patreon.com/feross"
        },
        {
          "type": "consulting",
          "url": "https://feross.org/support"
        }
      ],
      "license": "BSD-3-Clause"
    },
    "node_modules/ignore": {
      "version": "7.0.5",
      "resolved": "https://registry.npmjs.org/ignore/-/ignore-7.0.5.tgz",
      "integrity": "sha512-Hs59xBNfUIunMFgWAbGX5cq6893IbWg4KnrjbYwX3tx0ztorVgTDA6B2sxf8ejHJ4wz8BqGUMYlnzNBer5NvGg==",
      "license": "MIT",
      "engines": {
        "node": ">= 4"
      }
    },
    "node_modules/inherits": {
      "version": "2.0.4",
      "resolved": "https://registry.npmjs.org/inherits/-/inherits-2.0.4.tgz",
      "integrity": "sha512-k/vGaX4/Yla3WzyMCvTQOXYeIHvqOKtnqBduzTHpzpQZzAskKMhZ2K+EnBiSM9zGSoIFeMpXKxa4dYeZIQqewQ==",
      "license": "ISC"
    },
    "node_modules/is-callable": {
      "version": "1.2.7",
      "resolved": "https://registry.npmjs.org/is-callable/-/is-callable-1.2.7.tgz",
      "integrity": "sha512-1BC0BVFhS/p0qtw6enp8e+8OD0UrK0oFLztSjNzhcKA3WDuJxxAPXzPuPtKkjEY9UUoEWlX/8fgKeu2S8i9JTA==",
      "license": "MIT",
      "engines": {
        "node": ">= 0.4"
      },
      "funding": {
        "url": "https://github.com/sponsors/ljharb"
      }
    },
    "node_modules/is-typed-array": {
      "version": "1.1.15",
      "resolved": "https://registry.npmjs.org/is-typed-array/-/is-typed-array-1.1.15.tgz",
      "integrity": "sha512-p3EcsicXjit7SaskXHs1hA91QxgTw46Fv6EFKKGS5DRFLD8yKnohjF3hxoju94b/OcMZoQukzpPpBE9uLVKzgQ==",
      "license": "MIT",
      "dependencies": {
        "which-typed-array": "^1.1.16"
      },
      "engines": {
        "node": ">= 0.4"
      },
      "funding": {
        "url": "https://github.com/sponsors/ljharb"
      }
    },
    "node_modules/isarray": {
      "version": "2.0.5",
      "resolved": "https://registry.npmjs.org/isarray/-/isarray-2.0.5.tgz",
      "integrity": "sha512-xHjhDr3cNBK0BzdUJSPXZntQUx/mwMS5Rw4A7lPJ90XGAO6ISP/ePDNuo0vhqOZU+UD5JoodwCAAoZQd3FeAKw==",
      "license": "MIT"
    },
    "node_modules/isomorphic-git": {
      "version": "1.35.0",
      "resolved": "https://registry.npmjs.org/isomorphic-git/-/isomorphic-git-1.35.0.tgz",
      "integrity": "sha512-+pRiwWDld5yAjdTFFh9+668kkz4uzCZBs+mw+ZFxPAxJBX8KCqd/zAP7Zak0BK5BQ+dXVqEurR5DkEnqrLpHlQ==",
      "license": "MIT",
      "dependencies": {
        "async-lock": "^1.4.1",
        "clean-git-ref": "^2.0.1",
        "crc-32": "^1.2.0",
        "diff3": "0.0.3",
        "ignore": "^5.1.4",
        "minimisted": "^2.0.0",
        "pako": "^1.0.10",
        "pify": "^4.0.1",
        "readable-stream": "^4.0.0",
        "sha.js": "^2.4.12",
        "simple-get": "^4.0.1"
      },
      "bin": {
        "isogit": "cli.cjs"
      },
      "engines": {
        "node": ">=14.17"
      }
    },
    "node_modules/isomorphic-git/node_modules/ignore": {
      "version": "5.3.2",
      "resolved": "https://registry.npmjs.org/ignore/-/ignore-5.3.2.tgz",
      "integrity": "sha512-hsBTNUqQTDwkWtcdYI2i06Y/nUBEsNEDJKjWdigLvegy8kDuJAS8uRlpkkcQpyEXL0Z/pjDy5HBmMjRCJ2gq+g==",
      "license": "MIT",
      "engines": {
        "node": ">= 4"
      }
    },
    "node_modules/json-schema-traverse": {
      "version": "1.0.0",
      "resolved": "https://registry.npmjs.org/json-schema-traverse/-/json-schema-traverse-1.0.0.tgz",
      "integrity": "sha512-NM8/P9n3XjXhIZn1lLhkFaACTOURQXjWhV4BA/RnOv8xvgqtqpAX9IO4mRQxSx1Rlo4tqzeqb0sOlruaOy3dug==",
      "license": "MIT"
    },
    "node_modules/lodash": {
      "version": "4.17.21",
      "resolved": "https://registry.npmjs.org/lodash/-/lodash-4.17.21.tgz",
      "integrity": "sha512-v2kDEe57lecTulaDIuNTPy3Ry4gLGJ6Z1O3vE1krgXZNrsQ+LFTGHVxVjcXPs17LhbZVGedAJv8XZ1tvj5FvSg==",
      "license": "MIT"
    },
    "node_modules/math-intrinsics": {
      "version": "1.1.0",
      "resolved": "https://registry.npmjs.org/math-intrinsics/-/math-intrinsics-1.1.0.tgz",
      "integrity": "sha512-/IXtbwEk5HTPyEwyKX6hGkYXxM9nbj64B+ilVJnC/R6B0pH5G4V3b0pVbL7DBj4tkhBAppbQUlf6F6Xl9LHu1g==",
      "license": "MIT",
      "engines": {
        "node": ">= 0.4"
      }
    },
    "node_modules/mimic-response": {
      "version": "3.1.0",
      "resolved": "https://registry.npmjs.org/mimic-response/-/mimic-response-3.1.0.tgz",
      "integrity": "sha512-z0yWI+4FDrrweS8Zmt4Ej5HdJmky15+L2e6Wgn3+iK5fWzb6T3fhNFq2+MeTRb064c6Wr4N/wv0DzQTjNzHNGQ==",
      "license": "MIT",
      "engines": {
        "node": ">=10"
      },
      "funding": {
        "url": "https://github.com/sponsors/sindresorhus"
      }
    },
    "node_modules/minimist": {
      "version": "1.2.8",
      "resolved": "https://registry.npmjs.org/minimist/-/minimist-1.2.8.tgz",
      "integrity": "sha512-2yyAR8qBkN3YuheJanUpWC5U3bb5osDywNB8RzDVlDwDHbocAJveqqj1u8+SVD7jkWT4yvsHCpWqqWqAxb0zCA==",
      "license": "MIT",
      "funding": {
        "url": "https://github.com/sponsors/ljharb"
      }
    },
    "node_modules/minimisted": {
      "version": "2.0.1",
      "resolved": "https://registry.npmjs.org/minimisted/-/minimisted-2.0.1.tgz",
      "integrity": "sha512-1oPjfuLQa2caorJUM8HV8lGgWCc0qqAO1MNv/k05G4qslmsndV/5WdNZrqCiyqiz3wohia2Ij2B7w2Dr7/IyrA==",
      "license": "MIT",
      "dependencies": {
        "minimist": "^1.2.5"
      }
    },
    "node_modules/once": {
      "version": "1.4.0",
      "resolved": "https://registry.npmjs.org/once/-/once-1.4.0.tgz",
      "integrity": "sha512-lNaJgI+2Q5URQBkccEKHTQOPaXdUxnZZElQTZY0MFUAuaEqe1E+Nyvgdz/aIyNi6Z9MzO5dv1H8n58/GELp3+w==",
      "license": "ISC",
      "dependencies": {
        "wrappy": "1"
      }
    },
    "node_modules/pako": {
      "version": "1.0.11",
      "resolved": "https://registry.npmjs.org/pako/-/pako-1.0.11.tgz",
      "integrity": "sha512-4hLB8Py4zZce5s4yd9XzopqwVv/yGNhV1Bl8NTmCq1763HeK2+EwVTv+leGeL13Dnh2wfbqowVPXCIO0z4taYw==",
      "license": "(MIT AND Zlib)"
    },
    "node_modules/pify": {
      "version": "4.0.1",
      "resolved": "https://registry.npmjs.org/pify/-/pify-4.0.1.tgz",
      "integrity": "sha512-uB80kBFb/tfd68bVleG9T5GGsGPjJrLAUpR5PZIrhBnIaRTQRjqdJSsIKkOP6OAIFbj7GOrcudc5pNjZ+geV2g==",
      "license": "MIT",
      "engines": {
        "node": ">=6"
      }
    },
    "node_modules/pluralize": {
      "version": "8.0.0",
      "resolved": "https://registry.npmjs.org/pluralize/-/pluralize-8.0.0.tgz",
      "integrity": "sha512-Nc3IT5yHzflTfbjgqWcCPpo7DaKy4FnpB0l/zCAW0Tc7jxAiuqSxHasntB3D7887LSrA93kDJ9IXovxJYxyLCA==",
      "license": "MIT",
      "engines": {
        "node": ">=4"
      }
    },
    "node_modules/possible-typed-array-names": {
      "version": "1.1.0",
      "resolved": "https://registry.npmjs.org/possible-typed-array-names/-/possible-typed-array-names-1.1.0.tgz",
      "integrity": "sha512-/+5VFTchJDoVj3bhoqi6UeymcD00DAwb1nJwamzPvHEszJ4FpF6SNNbUbOS8yI56qHzdV8eK0qEfOSiodkTdxg==",
      "license": "MIT",
      "engines": {
        "node": ">= 0.4"
      }
    },
    "node_modules/process": {
      "version": "0.11.10",
      "resolved": "https://registry.npmjs.org/process/-/process-0.11.10.tgz",
      "integrity": "sha512-cdGef/drWFoydD1JsMzuFf8100nZl+GT+yacc2bEced5f9Rjk4z+WtFUTBu9PhOi9j/jfmBPu0mMEY4wIdAF8A==",
      "license": "MIT",
      "engines": {
        "node": ">= 0.6.0"
      }
    },
    "node_modules/readable-stream": {
      "version": "4.7.0",
      "resolved": "https://registry.npmjs.org/readable-stream/-/readable-stream-4.7.0.tgz",
      "integrity": "sha512-oIGGmcpTLwPga8Bn6/Z75SVaH1z5dUut2ibSyAMVhmUggWpmDn2dapB0n7f8nwaSiRtepAsfJyfXIO5DCVAODg==",
      "license": "MIT",
      "dependencies": {
        "abort-controller": "^3.0.0",
        "buffer": "^6.0.3",
        "events": "^3.3.0",
        "process": "^0.11.10",
        "string_decoder": "^1.3.0"
      },
      "engines": {
        "node": "^12.22.0 || ^14.17.0 || >=16.0.0"
      }
    },
    "node_modules/require-from-string": {
      "version": "2.0.2",
      "resolved": "https://registry.npmjs.org/require-from-string/-/require-from-string-2.0.2.tgz",
      "integrity": "sha512-Xf0nWe6RseziFMu+Ap9biiUbmplq6S9/p+7w7YXP/JBHhrUDDUhwa+vANyubuqfZWTveU//DYVGsDG7RKL/vEw==",
      "license": "MIT",
      "engines": {
        "node": ">=0.10.0"
      }
    },
    "node_modules/safe-buffer": {
      "version": "5.2.1",
      "resolved": "https://registry.npmjs.org/safe-buffer/-/safe-buffer-5.2.1.tgz",
      "integrity": "sha512-rp3So07KcdmmKbGvgaNxQSJr7bGVSVk5S9Eq1F+ppbRo70+YeaDxkw5Dd8NPN+GD6bjnYm2VuPuCXmpuYvmCXQ==",
      "funding": [
        {
          "type": "github",
          "url": "https://github.com/sponsors/feross"
        },
        {
          "type": "patreon",
          "url": "https://www.patreon.com/feross"
        },
        {
          "type": "consulting",
          "url": "https://feross.org/support"
        }
      ],
      "license": "MIT"
    },
    "node_modules/semver": {
      "version": "7.7.3",
      "resolved": "https://registry.npmjs.org/semver/-/semver-7.7.3.tgz",
      "integrity": "sha512-SdsKMrI9TdgjdweUSR9MweHA4EJ8YxHn8DFaDisvhVlUOe4BF1tLD7GAj0lIqWVl+dPb/rExr0Btby5loQm20Q==",
      "license": "ISC",
      "bin": {
        "semver": "bin/semver.js"
      },
      "engines": {
        "node": ">=10"
      }
    },
    "node_modules/set-function-length": {
      "version": "1.2.2",
      "resolved": "https://registry.npmjs.org/set-function-length/-/set-function-length-1.2.2.tgz",
      "integrity": "sha512-pgRc4hJ4/sNjWCSS9AmnS40x3bNMDTknHgL5UaMBTMyJnU90EgWh1Rz+MC9eFu4BuN/UwZjKQuY/1v3rM7HMfg==",
      "license": "MIT",
      "dependencies": {
        "define-data-property": "^1.1.4",
        "es-errors": "^1.3.0",
        "function-bind": "^1.1.2",
        "get-intrinsic": "^1.2.4",
        "gopd": "^1.0.1",
        "has-property-descriptors": "^1.0.2"
      },
      "engines": {
        "node": ">= 0.4"
      }
    },
    "node_modules/sha.js": {
      "version": "2.4.12",
      "resolved": "https://registry.npmjs.org/sha.js/-/sha.js-2.4.12.tgz",
      "integrity": "sha512-8LzC5+bvI45BjpfXU8V5fdU2mfeKiQe1D1gIMn7XUlF3OTUrpdJpPPH4EMAnF0DsHHdSZqCdSss5qCmJKuiO3w==",
      "license": "(MIT AND BSD-3-Clause)",
      "dependencies": {
        "inherits": "^2.0.4",
        "safe-buffer": "^5.2.1",
        "to-buffer": "^1.2.0"
      },
      "bin": {
        "sha.js": "bin.js"
      },
      "engines": {
        "node": ">= 0.10"
      },
      "funding": {
        "url": "https://github.com/sponsors/ljharb"
      }
    },
    "node_modules/simple-concat": {
      "version": "1.0.1",
      "resolved": "https://registry.npmjs.org/simple-concat/-/simple-concat-1.0.1.tgz",
      "integrity": "sha512-cSFtAPtRhljv69IK0hTVZQ+OfE9nePi/rtJmw5UjHeVyVroEqJXP1sFztKUy1qU+xvz3u/sfYJLa947b7nAN2Q==",
      "funding": [
        {
          "type": "github",
          "url": "https://github.com/sponsors/feross"
        },
        {
          "type": "patreon",
          "url": "https://www.patreon.com/feross"
        },
        {
          "type": "consulting",
          "url": "https://feross.org/support"
        }
      ],
      "license": "MIT"
    },
    "node_modules/simple-get": {
      "version": "4.0.1",
      "resolved": "https://registry.npmjs.org/simple-get/-/simple-get-4.0.1.tgz",
      "integrity": "sha512-brv7p5WgH0jmQJr1ZDDfKDOSeWWg+OVypG99A/5vYGPqJ6pxiaHLy8nxtFjBA7oMa01ebA9gfh1uMCFqOuXxvA==",
      "funding": [
        {
          "type": "github",
          "url": "https://github.com/sponsors/feross"
        },
        {
          "type": "patreon",
          "url": "https://www.patreon.com/feross"
        },
        {
          "type": "consulting",
          "url": "https://feross.org/support"
        }
      ],
      "license": "MIT",
      "dependencies": {
        "decompress-response": "^6.0.0",
        "once": "^1.3.1",
        "simple-concat": "^1.0.0"
      }
    },
    "node_modules/string_decoder": {
      "version": "1.3.0",
      "resolved": "https://registry.npmjs.org/string_decoder/-/string_decoder-1.3.0.tgz",
      "integrity": "sha512-hkRX8U1WjJFd8LsDJ2yQ/wWWxaopEsABU1XfkM8A+j0+85JAGppt16cr1Whg6KIbb4okU6Mql6BOj+uup/wKeA==",
      "license": "MIT",
      "dependencies": {
        "safe-buffer": "~5.2.0"
      }
    },
    "node_modules/strnum": {
      "version": "2.1.1",
      "resolved": "https://registry.npmjs.org/strnum/-/strnum-2.1.1.tgz",
      "integrity": "sha512-7ZvoFTiCnGxBtDqJ//Cu6fWtZtc7Y3x+QOirG15wztbdngGSkht27o2pyGWrVy0b4WAy3jbKmnoK6g5VlVNUUw==",
      "funding": [
        {
          "type": "github",
          "url": "https://github.com/sponsors/NaturalIntelligence"
        }
      ],
      "license": "MIT"
    },
    "node_modules/to-buffer": {
      "version": "1.2.2",
      "resolved": "https://registry.npmjs.org/to-buffer/-/to-buffer-1.2.2.tgz",
      "integrity": "sha512-db0E3UJjcFhpDhAF4tLo03oli3pwl3dbnzXOUIlRKrp+ldk/VUxzpWYZENsw2SZiuBjHAk7DfB0VU7NKdpb6sw==",
      "license": "MIT",
      "dependencies": {
        "isarray": "^2.0.5",
        "safe-buffer": "^5.2.1",
        "typed-array-buffer": "^1.0.3"
      },
      "engines": {
        "node": ">= 0.4"
      }
    },
    "node_modules/typed-array-buffer": {
      "version": "1.0.3",
      "resolved": "https://registry.npmjs.org/typed-array-buffer/-/typed-array-buffer-1.0.3.tgz",
      "integrity": "sha512-nAYYwfY3qnzX30IkA6AQZjVbtK6duGontcQm1WSG1MD94YLqK0515GNApXkoxKOWMusVssAHWLh9SeaoefYFGw==",
      "license": "MIT",
      "dependencies": {
        "call-bound": "^1.0.3",
        "es-errors": "^1.3.0",
        "is-typed-array": "^1.1.14"
      },
      "engines": {
        "node": ">= 0.4"
      }
    },
    "node_modules/unicode-name": {
      "version": "1.1.0",
      "resolved": "https://registry.npmjs.org/unicode-name/-/unicode-name-1.1.0.tgz",
      "integrity": "sha512-2XBI32vZP6a1tJmMDSUBabiIZuY+1udwZUoS7i5BTSU2c4ELMy6YJrTPF9uvYOVMU4vTMlHH6HG/TsHjCEsazA==",
      "license": "MIT",
      "engines": {
        "node": ">=18.20"
      }
    },
    "node_modules/which-typed-array": {
      "version": "1.1.19",
      "resolved": "https://registry.npmjs.org/which-typed-array/-/which-typed-array-1.1.19.tgz",
      "integrity": "sha512-rEvr90Bck4WZt9HHFC4DJMsjvu7x+r6bImz0/BrbWb7A2djJ8hnZMrWnHo9F8ssv0OMErasDhftrfROTyqSDrw==",
      "license": "MIT",
      "dependencies": {
        "available-typed-arrays": "^1.0.7",
        "call-bind": "^1.0.8",
        "call-bound": "^1.0.4",
        "for-each": "^0.3.5",
        "get-proto": "^1.0.1",
        "gopd": "^1.2.0",
        "has-tostringtag": "^1.0.2"
      },
      "engines": {
        "node": ">= 0.4"
      },
      "funding": {
        "url": "https://github.com/sponsors/ljharb"
      }
    },
    "node_modules/wrappy": {
      "version": "1.0.2",
      "resolved": "https://registry.npmjs.org/wrappy/-/wrappy-1.0.2.tgz",
      "integrity": "sha512-l4Sp/DRseor9wL6EvV2+TuQn63dMkPjZ/sp9XkghTEbV9KlPS1xUsZ3u7/IQO4wxtcFB4bgpQPRcR3QCvezPcQ==",
      "license": "ISC"
    }
  }
}
